// !$*UTF8*$!
{
	archiveVersion = 1;
	classes = {
	};
	objectVersion = 56;
	objects = {

/* Begin PBXBuildFile section */
		8F3A542C2931E0E100EBA778 /* AppDelegate.swift in Sources */ = {isa = PBXBuildFile; fileRef = 8F3A542B2931E0E100EBA778 /* AppDelegate.swift */; };
		8F3A542E2931E0E100EBA778 /* SceneDelegate.swift in Sources */ = {isa = PBXBuildFile; fileRef = 8F3A542D2931E0E100EBA778 /* SceneDelegate.swift */; };
		8F3A54302931E0E100EBA778 /* QuestionViewController.swift in Sources */ = {isa = PBXBuildFile; fileRef = 8F3A542F2931E0E100EBA778 /* QuestionViewController.swift */; };
		8F3A54332931E0E100EBA778 /* Main.storyboard in Resources */ = {isa = PBXBuildFile; fileRef = 8F3A54312931E0E100EBA778 /* Main.storyboard */; };
		8F3A54432931E0E200EBA778 /* RabbleWabbleTests.swift in Sources */ = {isa = PBXBuildFile; fileRef = 8F3A54422931E0E200EBA778 /* RabbleWabbleTests.swift */; };
		8F3A544D2931E0E200EBA778 /* RabbleWabbleUITests.swift in Sources */ = {isa = PBXBuildFile; fileRef = 8F3A544C2931E0E200EBA778 /* RabbleWabbleUITests.swift */; };
		8F3A544F2931E0E200EBA778 /* RabbleWabbleUITestsLaunchTests.swift in Sources */ = {isa = PBXBuildFile; fileRef = 8F3A544E2931E0E200EBA778 /* RabbleWabbleUITestsLaunchTests.swift */; };
		8F3A54622931E28900EBA778 /* Question.swift in Sources */ = {isa = PBXBuildFile; fileRef = 8F3A54612931E28900EBA778 /* Question.swift */; };
		8F3A54642931E2A700EBA778 /* QuestionGroup.swift in Sources */ = {isa = PBXBuildFile; fileRef = 8F3A54632931E2A700EBA778 /* QuestionGroup.swift */; };
		8F3A54662931E34E00EBA778 /* QuestionGroupData.swift in Sources */ = {isa = PBXBuildFile; fileRef = 8F3A54652931E34E00EBA778 /* QuestionGroupData.swift */; };
		8F3A54682931E38400EBA778 /* Assets.xcassets in Resources */ = {isa = PBXBuildFile; fileRef = 8F3A54672931E38400EBA778 /* Assets.xcassets */; };
		8F3A546A2931E39E00EBA778 /* LaunchScreen.storyboard in Resources */ = {isa = PBXBuildFile; fileRef = 8F3A54692931E39E00EBA778 /* LaunchScreen.storyboard */; };
		8F3A546C2931E3E800EBA778 /* QuestionView.swift in Sources */ = {isa = PBXBuildFile; fileRef = 8F3A546B2931E3E800EBA778 /* QuestionView.swift */; };
/* End PBXBuildFile section */

/* Begin PBXContainerItemProxy section */
		8F3A543F2931E0E200EBA778 /* PBXContainerItemProxy */ = {
			isa = PBXContainerItemProxy;
			containerPortal = 8F3A54202931E0E000EBA778 /* Project object */;
			proxyType = 1;
			remoteGlobalIDString = 8F3A54272931E0E100EBA778;
			remoteInfo = RabbleWabble;
		};
		8F3A54492931E0E200EBA778 /* PBXContainerItemProxy */ = {
			isa = PBXContainerItemProxy;
			containerPortal = 8F3A54202931E0E000EBA778 /* Project object */;
			proxyType = 1;
			remoteGlobalIDString = 8F3A54272931E0E100EBA778;
			remoteInfo = RabbleWabble;
		};
/* End PBXContainerItemProxy section */

/* Begin PBXFileReference section */
		8F3A54282931E0E100EBA778 /* RabbleWabble.app */ = {isa = PBXFileReference; explicitFileType = wrapper.application; includeInIndex = 0; path = RabbleWabble.app; sourceTree = BUILT_PRODUCTS_DIR; };
		8F3A542B2931E0E100EBA778 /* AppDelegate.swift */ = {isa = PBXFileReference; lastKnownFileType = sourcecode.swift; path = AppDelegate.swift; sourceTree = "<group>"; };
		8F3A542D2931E0E100EBA778 /* SceneDelegate.swift */ = {isa = PBXFileReference; lastKnownFileType = sourcecode.swift; path = SceneDelegate.swift; sourceTree = "<group>"; };
		8F3A542F2931E0E100EBA778 /* QuestionViewController.swift */ = {isa = PBXFileReference; lastKnownFileType = sourcecode.swift; path = QuestionViewController.swift; sourceTree = "<group>"; };
		8F3A54322931E0E100EBA778 /* Base */ = {isa = PBXFileReference; lastKnownFileType = file.storyboard; name = Base; path = Base.lproj/Main.storyboard; sourceTree = "<group>"; };
		8F3A54392931E0E200EBA778 /* Info.plist */ = {isa = PBXFileReference; lastKnownFileType = text.plist.xml; path = Info.plist; sourceTree = "<group>"; };
		8F3A543E2931E0E200EBA778 /* RabbleWabbleTests.xctest */ = {isa = PBXFileReference; explicitFileType = wrapper.cfbundle; includeInIndex = 0; path = RabbleWabbleTests.xctest; sourceTree = BUILT_PRODUCTS_DIR; };
		8F3A54422931E0E200EBA778 /* RabbleWabbleTests.swift */ = {isa = PBXFileReference; lastKnownFileType = sourcecode.swift; path = RabbleWabbleTests.swift; sourceTree = "<group>"; };
		8F3A54482931E0E200EBA778 /* RabbleWabbleUITests.xctest */ = {isa = PBXFileReference; explicitFileType = wrapper.cfbundle; includeInIndex = 0; path = RabbleWabbleUITests.xctest; sourceTree = BUILT_PRODUCTS_DIR; };
		8F3A544C2931E0E200EBA778 /* RabbleWabbleUITests.swift */ = {isa = PBXFileReference; lastKnownFileType = sourcecode.swift; path = RabbleWabbleUITests.swift; sourceTree = "<group>"; };
		8F3A544E2931E0E200EBA778 /* RabbleWabbleUITestsLaunchTests.swift */ = {isa = PBXFileReference; lastKnownFileType = sourcecode.swift; path = RabbleWabbleUITestsLaunchTests.swift; sourceTree = "<group>"; };
		8F3A54612931E28900EBA778 /* Question.swift */ = {isa = PBXFileReference; lastKnownFileType = sourcecode.swift; path = Question.swift; sourceTree = "<group>"; };
		8F3A54632931E2A700EBA778 /* QuestionGroup.swift */ = {isa = PBXFileReference; lastKnownFileType = sourcecode.swift; path = QuestionGroup.swift; sourceTree = "<group>"; };
		8F3A54652931E34E00EBA778 /* QuestionGroupData.swift */ = {isa = PBXFileReference; fileEncoding = 4; lastKnownFileType = sourcecode.swift; path = QuestionGroupData.swift; sourceTree = "<group>"; };
		8F3A54672931E38400EBA778 /* Assets.xcassets */ = {isa = PBXFileReference; lastKnownFileType = folder.assetcatalog; path = Assets.xcassets; sourceTree = "<group>"; };
		8F3A54692931E39E00EBA778 /* LaunchScreen.storyboard */ = {isa = PBXFileReference; fileEncoding = 4; lastKnownFileType = file.storyboard; path = LaunchScreen.storyboard; sourceTree = "<group>"; };
		8F3A546B2931E3E800EBA778 /* QuestionView.swift */ = {isa = PBXFileReference; lastKnownFileType = sourcecode.swift; path = QuestionView.swift; sourceTree = "<group>"; };
/* End PBXFileReference section */

/* Begin PBXFrameworksBuildPhase section */
		8F3A54252931E0E100EBA778 /* Frameworks */ = {
			isa = PBXFrameworksBuildPhase;
			buildActionMask = 2147483647;
			files = (
			);
			runOnlyForDeploymentPostprocessing = 0;
		};
		8F3A543B2931E0E200EBA778 /* Frameworks */ = {
			isa = PBXFrameworksBuildPhase;
			buildActionMask = 2147483647;
			files = (
			);
			runOnlyForDeploymentPostprocessing = 0;
		};
		8F3A54452931E0E200EBA778 /* Frameworks */ = {
			isa = PBXFrameworksBuildPhase;
			buildActionMask = 2147483647;
			files = (
			);
			runOnlyForDeploymentPostprocessing = 0;
		};
/* End PBXFrameworksBuildPhase section */

/* Begin PBXGroup section */
		8F3A541F2931E0E000EBA778 = {
			isa = PBXGroup;
			children = (
				8F3A542A2931E0E100EBA778 /* RabbleWabble */,
				8F3A54412931E0E200EBA778 /* RabbleWabbleTests */,
				8F3A544B2931E0E200EBA778 /* RabbleWabbleUITests */,
				8F3A54292931E0E100EBA778 /* Products */,
			);
			sourceTree = "<group>";
		};
		8F3A54292931E0E100EBA778 /* Products */ = {
			isa = PBXGroup;
			children = (
				8F3A54282931E0E100EBA778 /* RabbleWabble.app */,
				8F3A543E2931E0E200EBA778 /* RabbleWabbleTests.xctest */,
				8F3A54482931E0E200EBA778 /* RabbleWabbleUITests.xctest */,
			);
			name = Products;
			sourceTree = "<group>";
		};
		8F3A542A2931E0E100EBA778 /* RabbleWabble */ = {
			isa = PBXGroup;
			children = (
				8F3A545B2931E16B00EBA778 /* AppDelegate */,
				8F3A545D2931E18200EBA778 /* Controllers */,
				8F3A545E2931E18B00EBA778 /* Models */,
				8F3A545F2931E19500EBA778 /* Resources */,
				8F3A54602931E19F00EBA778 /* Views */,
			);
			path = RabbleWabble;
			sourceTree = "<group>";
		};
		8F3A54412931E0E200EBA778 /* RabbleWabbleTests */ = {
			isa = PBXGroup;
			children = (
				8F3A54422931E0E200EBA778 /* RabbleWabbleTests.swift */,
			);
			path = RabbleWabbleTests;
			sourceTree = "<group>";
		};
		8F3A544B2931E0E200EBA778 /* RabbleWabbleUITests */ = {
			isa = PBXGroup;
			children = (
				8F3A544C2931E0E200EBA778 /* RabbleWabbleUITests.swift */,
				8F3A544E2931E0E200EBA778 /* RabbleWabbleUITestsLaunchTests.swift */,
			);
			path = RabbleWabbleUITests;
			sourceTree = "<group>";
		};
		8F3A545B2931E16B00EBA778 /* AppDelegate */ = {
			isa = PBXGroup;
			children = (
				8F3A542B2931E0E100EBA778 /* AppDelegate.swift */,
				8F3A542D2931E0E100EBA778 /* SceneDelegate.swift */,
			);
			path = AppDelegate;
			sourceTree = "<group>";
		};
		8F3A545D2931E18200EBA778 /* Controllers */ = {
			isa = PBXGroup;
			children = (
				8F3A542F2931E0E100EBA778 /* QuestionViewController.swift */,
			);
			path = Controllers;
			sourceTree = "<group>";
		};
		8F3A545E2931E18B00EBA778 /* Models */ = {
			isa = PBXGroup;
			children = (
				8F3A54612931E28900EBA778 /* Question.swift */,
				8F3A54632931E2A700EBA778 /* QuestionGroup.swift */,
				8F3A54652931E34E00EBA778 /* QuestionGroupData.swift */,
			);
			path = Models;
			sourceTree = "<group>";
		};
		8F3A545F2931E19500EBA778 /* Resources */ = {
			isa = PBXGroup;
			children = (
				8F3A54672931E38400EBA778 /* Assets.xcassets */,
				8F3A54392931E0E200EBA778 /* Info.plist */,
			);
			path = Resources;
			sourceTree = "<group>";
		};
		8F3A54602931E19F00EBA778 /* Views */ = {
			isa = PBXGroup;
			children = (
				8F3A54692931E39E00EBA778 /* LaunchScreen.storyboard */,
				8F3A54312931E0E100EBA778 /* Main.storyboard */,
				8F3A546B2931E3E800EBA778 /* QuestionView.swift */,
			);
			path = Views;
			sourceTree = "<group>";
		};
/* End PBXGroup section */

/* Begin PBXNativeTarget section */
		8F3A54272931E0E100EBA778 /* RabbleWabble */ = {
			isa = PBXNativeTarget;
			buildConfigurationList = 8F3A54522931E0E200EBA778 /* Build configuration list for PBXNativeTarget "RabbleWabble" */;
			buildPhases = (
				8F3A54242931E0E100EBA778 /* Sources */,
				8F3A54252931E0E100EBA778 /* Frameworks */,
				8F3A54262931E0E100EBA778 /* Resources */,
			);
			buildRules = (
			);
			dependencies = (
			);
			name = RabbleWabble;
			productName = RabbleWabble;
			productReference = 8F3A54282931E0E100EBA778 /* RabbleWabble.app */;
			productType = "com.apple.product-type.application";
		};
		8F3A543D2931E0E200EBA778 /* RabbleWabbleTests */ = {
			isa = PBXNativeTarget;
			buildConfigurationList = 8F3A54552931E0E200EBA778 /* Build configuration list for PBXNativeTarget "RabbleWabbleTests" */;
			buildPhases = (
				8F3A543A2931E0E200EBA778 /* Sources */,
				8F3A543B2931E0E200EBA778 /* Frameworks */,
				8F3A543C2931E0E200EBA778 /* Resources */,
			);
			buildRules = (
			);
			dependencies = (
				8F3A54402931E0E200EBA778 /* PBXTargetDependency */,
			);
			name = RabbleWabbleTests;
			productName = RabbleWabbleTests;
			productReference = 8F3A543E2931E0E200EBA778 /* RabbleWabbleTests.xctest */;
			productType = "com.apple.product-type.bundle.unit-test";
		};
		8F3A54472931E0E200EBA778 /* RabbleWabbleUITests */ = {
			isa = PBXNativeTarget;
			buildConfigurationList = 8F3A54582931E0E200EBA778 /* Build configuration list for PBXNativeTarget "RabbleWabbleUITests" */;
			buildPhases = (
				8F3A54442931E0E200EBA778 /* Sources */,
				8F3A54452931E0E200EBA778 /* Frameworks */,
				8F3A54462931E0E200EBA778 /* Resources */,
			);
			buildRules = (
			);
			dependencies = (
				8F3A544A2931E0E200EBA778 /* PBXTargetDependency */,
			);
			name = RabbleWabbleUITests;
			productName = RabbleWabbleUITests;
			productReference = 8F3A54482931E0E200EBA778 /* RabbleWabbleUITests.xctest */;
			productType = "com.apple.product-type.bundle.ui-testing";
		};
/* End PBXNativeTarget section */

/* Begin PBXProject section */
		8F3A54202931E0E000EBA778 /* Project object */ = {
			isa = PBXProject;
			attributes = {
				BuildIndependentTargetsInParallel = 1;
				LastSwiftUpdateCheck = 1410;
				LastUpgradeCheck = 1410;
				TargetAttributes = {
					8F3A54272931E0E100EBA778 = {
						CreatedOnToolsVersion = 14.1;
					};
					8F3A543D2931E0E200EBA778 = {
						CreatedOnToolsVersion = 14.1;
						TestTargetID = 8F3A54272931E0E100EBA778;
					};
					8F3A54472931E0E200EBA778 = {
						CreatedOnToolsVersion = 14.1;
						TestTargetID = 8F3A54272931E0E100EBA778;
					};
				};
			};
			buildConfigurationList = 8F3A54232931E0E000EBA778 /* Build configuration list for PBXProject "RabbleWabble" */;
			compatibilityVersion = "Xcode 14.0";
			developmentRegion = en;
			hasScannedForEncodings = 0;
			knownRegions = (
				en,
				Base,
			);
			mainGroup = 8F3A541F2931E0E000EBA778;
			productRefGroup = 8F3A54292931E0E100EBA778 /* Products */;
			projectDirPath = "";
			projectRoot = "";
			targets = (
				8F3A54272931E0E100EBA778 /* RabbleWabble */,
				8F3A543D2931E0E200EBA778 /* RabbleWabbleTests */,
				8F3A54472931E0E200EBA778 /* RabbleWabbleUITests */,
			);
		};
/* End PBXProject section */

/* Begin PBXResourcesBuildPhase section */
		8F3A54262931E0E100EBA778 /* Resources */ = {
			isa = PBXResourcesBuildPhase;
			buildActionMask = 2147483647;
			files = (
				8F3A546A2931E39E00EBA778 /* LaunchScreen.storyboard in Resources */,
				8F3A54682931E38400EBA778 /* Assets.xcassets in Resources */,
				8F3A54332931E0E100EBA778 /* Main.storyboard in Resources */,
			);
			runOnlyForDeploymentPostprocessing = 0;
		};
		8F3A543C2931E0E200EBA778 /* Resources */ = {
			isa = PBXResourcesBuildPhase;
			buildActionMask = 2147483647;
			files = (
			);
			runOnlyForDeploymentPostprocessing = 0;
		};
		8F3A54462931E0E200EBA778 /* Resources */ = {
			isa = PBXResourcesBuildPhase;
			buildActionMask = 2147483647;
			files = (
			);
			runOnlyForDeploymentPostprocessing = 0;
		};
/* End PBXResourcesBuildPhase section */

/* Begin PBXSourcesBuildPhase section */
		8F3A54242931E0E100EBA778 /* Sources */ = {
			isa = PBXSourcesBuildPhase;
			buildActionMask = 2147483647;
			files = (
				8F3A54302931E0E100EBA778 /* QuestionViewController.swift in Sources */,
				8F3A54622931E28900EBA778 /* Question.swift in Sources */,
				8F3A542C2931E0E100EBA778 /* AppDelegate.swift in Sources */,
				8F3A546C2931E3E800EBA778 /* QuestionView.swift in Sources */,
				8F3A54662931E34E00EBA778 /* QuestionGroupData.swift in Sources */,
				8F3A54642931E2A700EBA778 /* QuestionGroup.swift in Sources */,
				8F3A542E2931E0E100EBA778 /* SceneDelegate.swift in Sources */,
			);
			runOnlyForDeploymentPostprocessing = 0;
		};
		8F3A543A2931E0E200EBA778 /* Sources */ = {
			isa = PBXSourcesBuildPhase;
			buildActionMask = 2147483647;
			files = (
				8F3A54432931E0E200EBA778 /* RabbleWabbleTests.swift in Sources */,
			);
			runOnlyForDeploymentPostprocessing = 0;
		};
		8F3A54442931E0E200EBA778 /* Sources */ = {
			isa = PBXSourcesBuildPhase;
			buildActionMask = 2147483647;
			files = (
				8F3A544D2931E0E200EBA778 /* RabbleWabbleUITests.swift in Sources */,
				8F3A544F2931E0E200EBA778 /* RabbleWabbleUITestsLaunchTests.swift in Sources */,
			);
			runOnlyForDeploymentPostprocessing = 0;
		};
/* End PBXSourcesBuildPhase section */

/* Begin PBXTargetDependency section */
		8F3A54402931E0E200EBA778 /* PBXTargetDependency */ = {
			isa = PBXTargetDependency;
			target = 8F3A54272931E0E100EBA778 /* RabbleWabble */;
			targetProxy = 8F3A543F2931E0E200EBA778 /* PBXContainerItemProxy */;
		};
		8F3A544A2931E0E200EBA778 /* PBXTargetDependency */ = {
			isa = PBXTargetDependency;
			target = 8F3A54272931E0E100EBA778 /* RabbleWabble */;
			targetProxy = 8F3A54492931E0E200EBA778 /* PBXContainerItemProxy */;
		};
/* End PBXTargetDependency section */

/* Begin PBXVariantGroup section */
		8F3A54312931E0E100EBA778 /* Main.storyboard */ = {
			isa = PBXVariantGroup;
			children = (
				8F3A54322931E0E100EBA778 /* Base */,
			);
			name = Main.storyboard;
			sourceTree = "<group>";
		};
/* End PBXVariantGroup section */

/* Begin XCBuildConfiguration section */
		8F3A54502931E0E200EBA778 /* Debug */ = {
			isa = XCBuildConfiguration;
			buildSettings = {
				ALWAYS_SEARCH_USER_PATHS = NO;
				CLANG_ANALYZER_NONNULL = YES;
				CLANG_ANALYZER_NUMBER_OBJECT_CONVERSION = YES_AGGRESSIVE;
				CLANG_CXX_LANGUAGE_STANDARD = "gnu++20";
				CLANG_ENABLE_MODULES = YES;
				CLANG_ENABLE_OBJC_ARC = YES;
				CLANG_ENABLE_OBJC_WEAK = YES;
				CLANG_WARN_BLOCK_CAPTURE_AUTORELEASING = YES;
				CLANG_WARN_BOOL_CONVERSION = YES;
				CLANG_WARN_COMMA = YES;
				CLANG_WARN_CONSTANT_CONVERSION = YES;
				CLANG_WARN_DEPRECATED_OBJC_IMPLEMENTATIONS = YES;
				CLANG_WARN_DIRECT_OBJC_ISA_USAGE = YES_ERROR;
				CLANG_WARN_DOCUMENTATION_COMMENTS = YES;
				CLANG_WARN_EMPTY_BODY = YES;
				CLANG_WARN_ENUM_CONVERSION = YES;
				CLANG_WARN_INFINITE_RECURSION = YES;
				CLANG_WARN_INT_CONVERSION = YES;
				CLANG_WARN_NON_LITERAL_NULL_CONVERSION = YES;
				CLANG_WARN_OBJC_IMPLICIT_RETAIN_SELF = YES;
				CLANG_WARN_OBJC_LITERAL_CONVERSION = YES;
				CLANG_WARN_OBJC_ROOT_CLASS = YES_ERROR;
				CLANG_WARN_QUOTED_INCLUDE_IN_FRAMEWORK_HEADER = YES;
				CLANG_WARN_RANGE_LOOP_ANALYSIS = YES;
				CLANG_WARN_STRICT_PROTOTYPES = YES;
				CLANG_WARN_SUSPICIOUS_MOVE = YES;
				CLANG_WARN_UNGUARDED_AVAILABILITY = YES_AGGRESSIVE;
				CLANG_WARN_UNREACHABLE_CODE = YES;
				CLANG_WARN__DUPLICATE_METHOD_MATCH = YES;
				COPY_PHASE_STRIP = NO;
				DEBUG_INFORMATION_FORMAT = dwarf;
				ENABLE_STRICT_OBJC_MSGSEND = YES;
				ENABLE_TESTABILITY = YES;
				GCC_C_LANGUAGE_STANDARD = gnu11;
				GCC_DYNAMIC_NO_PIC = NO;
				GCC_NO_COMMON_BLOCKS = YES;
				GCC_OPTIMIZATION_LEVEL = 0;
				GCC_PREPROCESSOR_DEFINITIONS = (
					"DEBUG=1",
					"$(inherited)",
				);
				GCC_WARN_64_TO_32_BIT_CONVERSION = YES;
				GCC_WARN_ABOUT_RETURN_TYPE = YES_ERROR;
				GCC_WARN_UNDECLARED_SELECTOR = YES;
				GCC_WARN_UNINITIALIZED_AUTOS = YES_AGGRESSIVE;
				GCC_WARN_UNUSED_FUNCTION = YES;
				GCC_WARN_UNUSED_VARIABLE = YES;
				IPHONEOS_DEPLOYMENT_TARGET = 16.1;
				MTL_ENABLE_DEBUG_INFO = INCLUDE_SOURCE;
				MTL_FAST_MATH = YES;
				ONLY_ACTIVE_ARCH = YES;
				SDKROOT = iphoneos;
				SWIFT_ACTIVE_COMPILATION_CONDITIONS = DEBUG;
				SWIFT_OPTIMIZATION_LEVEL = "-Onone";
			};
			name = Debug;
		};
		8F3A54512931E0E200EBA778 /* Release */ = {
			isa = XCBuildConfiguration;
			buildSettings = {
				ALWAYS_SEARCH_USER_PATHS = NO;
				CLANG_ANALYZER_NONNULL = YES;
				CLANG_ANALYZER_NUMBER_OBJECT_CONVERSION = YES_AGGRESSIVE;
				CLANG_CXX_LANGUAGE_STANDARD = "gnu++20";
				CLANG_ENABLE_MODULES = YES;
				CLANG_ENABLE_OBJC_ARC = YES;
				CLANG_ENABLE_OBJC_WEAK = YES;
				CLANG_WARN_BLOCK_CAPTURE_AUTORELEASING = YES;
				CLANG_WARN_BOOL_CONVERSION = YES;
				CLANG_WARN_COMMA = YES;
				CLANG_WARN_CONSTANT_CONVERSION = YES;
				CLANG_WARN_DEPRECATED_OBJC_IMPLEMENTATIONS = YES;
				CLANG_WARN_DIRECT_OBJC_ISA_USAGE = YES_ERROR;
				CLANG_WARN_DOCUMENTATION_COMMENTS = YES;
				CLANG_WARN_EMPTY_BODY = YES;
				CLANG_WARN_ENUM_CONVERSION = YES;
				CLANG_WARN_INFINITE_RECURSION = YES;
				CLANG_WARN_INT_CONVERSION = YES;
				CLANG_WARN_NON_LITERAL_NULL_CONVERSION = YES;
				CLANG_WARN_OBJC_IMPLICIT_RETAIN_SELF = YES;
				CLANG_WARN_OBJC_LITERAL_CONVERSION = YES;
				CLANG_WARN_OBJC_ROOT_CLASS = YES_ERROR;
				CLANG_WARN_QUOTED_INCLUDE_IN_FRAMEWORK_HEADER = YES;
				CLANG_WARN_RANGE_LOOP_ANALYSIS = YES;
				CLANG_WARN_STRICT_PROTOTYPES = YES;
				CLANG_WARN_SUSPICIOUS_MOVE = YES;
				CLANG_WARN_UNGUARDED_AVAILABILITY = YES_AGGRESSIVE;
				CLANG_WARN_UNREACHABLE_CODE = YES;
				CLANG_WARN__DUPLICATE_METHOD_MATCH = YES;
				COPY_PHASE_STRIP = NO;
				DEBUG_INFORMATION_FORMAT = "dwarf-with-dsym";
				ENABLE_NS_ASSERTIONS = NO;
				ENABLE_STRICT_OBJC_MSGSEND = YES;
				GCC_C_LANGUAGE_STANDARD = gnu11;
				GCC_NO_COMMON_BLOCKS = YES;
				GCC_WARN_64_TO_32_BIT_CONVERSION = YES;
				GCC_WARN_ABOUT_RETURN_TYPE = YES_ERROR;
				GCC_WARN_UNDECLARED_SELECTOR = YES;
				GCC_WARN_UNINITIALIZED_AUTOS = YES_AGGRESSIVE;
				GCC_WARN_UNUSED_FUNCTION = YES;
				GCC_WARN_UNUSED_VARIABLE = YES;
				IPHONEOS_DEPLOYMENT_TARGET = 16.1;
				MTL_ENABLE_DEBUG_INFO = NO;
				MTL_FAST_MATH = YES;
				SDKROOT = iphoneos;
				SWIFT_COMPILATION_MODE = wholemodule;
				SWIFT_OPTIMIZATION_LEVEL = "-O";
				VALIDATE_PRODUCT = YES;
			};
			name = Release;
		};
		8F3A54532931E0E200EBA778 /* Debug */ = {
			isa = XCBuildConfiguration;
			buildSettings = {
				ASSETCATALOG_COMPILER_APPICON_NAME = AppIcon;
				ASSETCATALOG_COMPILER_GLOBAL_ACCENT_COLOR_NAME = AccentColor;
				CODE_SIGN_STYLE = Automatic;
				CURRENT_PROJECT_VERSION = 1;
				GENERATE_INFOPLIST_FILE = YES;
				INFOPLIST_FILE = RabbleWabble/Resources/Info.plist;
				INFOPLIST_KEY_UIApplicationSupportsIndirectInputEvents = YES;
				INFOPLIST_KEY_UILaunchStoryboardName = LaunchScreen;
				INFOPLIST_KEY_UIMainStoryboardFile = Main;
				INFOPLIST_KEY_UISupportedInterfaceOrientations_iPad = "UIInterfaceOrientationPortrait UIInterfaceOrientationPortraitUpsideDown UIInterfaceOrientationLandscapeLeft UIInterfaceOrientationLandscapeRight";
				INFOPLIST_KEY_UISupportedInterfaceOrientations_iPhone = "UIInterfaceOrientationPortrait UIInterfaceOrientationLandscapeLeft UIInterfaceOrientationLandscapeRight";
				LD_RUNPATH_SEARCH_PATHS = (
					"$(inherited)",
					"@executable_path/Frameworks",
				);
				MARKETING_VERSION = 1.0;
				PRODUCT_BUNDLE_IDENTIFIER = com.jasonou.RabbleWabble;
				PRODUCT_NAME = "$(TARGET_NAME)";
				SWIFT_EMIT_LOC_STRINGS = YES;
				SWIFT_VERSION = 5.0;
				TARGETED_DEVICE_FAMILY = "1,2";
			};
			name = Debug;
		};
		8F3A54542931E0E200EBA778 /* Release */ = {
			isa = XCBuildConfiguration;
			buildSettings = {
				ASSETCATALOG_COMPILER_APPICON_NAME = AppIcon;
				ASSETCATALOG_COMPILER_GLOBAL_ACCENT_COLOR_NAME = AccentColor;
				CODE_SIGN_STYLE = Automatic;
				CURRENT_PROJECT_VERSION = 1;
				GENERATE_INFOPLIST_FILE = YES;
				INFOPLIST_FILE = RabbleWabble/Resources/Info.plist;
				INFOPLIST_KEY_UIApplicationSupportsIndirectInputEvents = YES;
				INFOPLIST_KEY_UILaunchStoryboardName = LaunchScreen;
				INFOPLIST_KEY_UIMainStoryboardFile = Main;
				INFOPLIST_KEY_UISupportedInterfaceOrientations_iPad = "UIInterfaceOrientationPortrait UIInterfaceOrientationPortraitUpsideDown UIInterfaceOrientationLandscapeLeft UIInterfaceOrientationLandscapeRight";
				INFOPLIST_KEY_UISupportedInterfaceOrientations_iPhone = "UIInterfaceOrientationPortrait UIInterfaceOrientationLandscapeLeft UIInterfaceOrientationLandscapeRight";
				LD_RUNPATH_SEARCH_PATHS = (
					"$(inherited)",
					"@executable_path/Frameworks",
				);
				MARKETING_VERSION = 1.0;
				PRODUCT_BUNDLE_IDENTIFIER = com.jasonou.RabbleWabble;
				PRODUCT_NAME = "$(TARGET_NAME)";
				SWIFT_EMIT_LOC_STRINGS = YES;
				SWIFT_VERSION = 5.0;
				TARGETED_DEVICE_FAMILY = "1,2";
			};
			name = Release;
		};
		8F3A54562931E0E200EBA778 /* Debug */ = {
			isa = XCBuildConfiguration;
			buildSettings = {
				ALWAYS_EMBED_SWIFT_STANDARD_LIBRARIES = YES;
				BUNDLE_LOADER = "$(TEST_HOST)";
				CODE_SIGN_STYLE = Automatic;
				CURRENT_PROJECT_VERSION = 1;
				GENERATE_INFOPLIST_FILE = YES;
				IPHONEOS_DEPLOYMENT_TARGET = 16.1;
				MARKETING_VERSION = 1.0;
				PRODUCT_BUNDLE_IDENTIFIER = com.jasonou.RabbleWabbleTests;
				PRODUCT_NAME = "$(TARGET_NAME)";
				SWIFT_EMIT_LOC_STRINGS = NO;
				SWIFT_VERSION = 5.0;
				TARGETED_DEVICE_FAMILY = "1,2";
				TEST_HOST = "$(BUILT_PRODUCTS_DIR)/RabbleWabble.app/$(BUNDLE_EXECUTABLE_FOLDER_PATH)/RabbleWabble";
			};
			name = Debug;
		};
		8F3A54572931E0E200EBA778 /* Release */ = {
			isa = XCBuildConfiguration;
			buildSettings = {
				ALWAYS_EMBED_SWIFT_STANDARD_LIBRARIES = YES;
				BUNDLE_LOADER = "$(TEST_HOST)";
				CODE_SIGN_STYLE = Automatic;
				CURRENT_PROJECT_VERSION = 1;
				GENERATE_INFOPLIST_FILE = YES;
				IPHONEOS_DEPLOYMENT_TARGET = 16.1;
				MARKETING_VERSION = 1.0;
				PRODUCT_BUNDLE_IDENTIFIER = com.jasonou.RabbleWabbleTests;
				PRODUCT_NAME = "$(TARGET_NAME)";
				SWIFT_EMIT_LOC_STRINGS = NO;
				SWIFT_VERSION = 5.0;
				TARGETED_DEVICE_FAMILY = "1,2";
				TEST_HOST = "$(BUILT_PRODUCTS_DIR)/RabbleWabble.app/$(BUNDLE_EXECUTABLE_FOLDER_PATH)/RabbleWabble";
			};
			name = Release;
		};
		8F3A54592931E0E200EBA778 /* Debug */ = {
			isa = XCBuildConfiguration;
			buildSettings = {
				ALWAYS_EMBED_SWIFT_STANDARD_LIBRARIES = YES;
				CODE_SIGN_STYLE = Automatic;
				CURRENT_PROJECT_VERSION = 1;
				GENERATE_INFOPLIST_FILE = YES;
				MARKETING_VERSION = 1.0;
				PRODUCT_BUNDLE_IDENTIFIER = com.jasonou.RabbleWabbleUITests;
				PRODUCT_NAME = "$(TARGET_NAME)";
				SWIFT_EMIT_LOC_STRINGS = NO;
				SWIFT_VERSION = 5.0;
				TARGETED_DEVICE_FAMILY = "1,2";
				TEST_TARGET_NAME = RabbleWabble;
			};
			name = Debug;
		};
		8F3A545A2931E0E200EBA778 /* Release */ = {
			isa = XCBuildConfiguration;
			buildSettings = {
				ALWAYS_EMBED_SWIFT_STANDARD_LIBRARIES = YES;
				CODE_SIGN_STYLE = Automatic;
				CURRENT_PROJECT_VERSION = 1;
				GENERATE_INFOPLIST_FILE = YES;
				MARKETING_VERSION = 1.0;
				PRODUCT_BUNDLE_IDENTIFIER = com.jasonou.RabbleWabbleUITests;
				PRODUCT_NAME = "$(TARGET_NAME)";
				SWIFT_EMIT_LOC_STRINGS = NO;
				SWIFT_VERSION = 5.0;
				TARGETED_DEVICE_FAMILY = "1,2";
				TEST_TARGET_NAME = RabbleWabble;
			};
			name = Release;
		};
/* End XCBuildConfiguration section */

/* Begin XCConfigurationList section */
		8F3A54232931E0E000EBA778 /* Build configuration list for PBXProject "RabbleWabble" */ = {
			isa = XCConfigurationList;
			buildConfigurations = (
				8F3A54502931E0E200EBA778 /* Debug */,
				8F3A54512931E0E200EBA778 /* Release */,
			);
			defaultConfigurationIsVisible = 0;
			defaultConfigurationName = Release;
		};
		8F3A54522931E0E200EBA778 /* Build configuration list for PBXNativeTarget "RabbleWabble" */ = {
			isa = XCConfigurationList;
			buildConfigurations = (
				8F3A54532931E0E200EBA778 /* Debug */,
				8F3A54542931E0E200EBA778 /* Release */,
			);
			defaultConfigurationIsVisible = 0;
			defaultConfigurationName = Release;
		};
		8F3A54552931E0E200EBA778 /* Build configuration list for PBXNativeTarget "RabbleWabbleTests" */ = {
			isa = XCConfigurationList;
			buildConfigurations = (
				8F3A54562931E0E200EBA778 /* Debug */,
				8F3A54572931E0E200EBA778 /* Release */,
			);
			defaultConfigurationIsVisible = 0;
			defaultConfigurationName = Release;
		};
		8F3A54582931E0E200EBA778 /* Build configuration list for PBXNativeTarget "RabbleWabbleUITests" */ = {
			isa = XCConfigurationList;
			buildConfigurations = (
				8F3A54592931E0E200EBA778 /* Debug */,
				8F3A545A2931E0E200EBA778 /* Release */,
			);
			defaultConfigurationIsVisible = 0;
			defaultConfigurationName = Release;
		};
/* End XCConfigurationList section */
	};
	rootObject = 8F3A54202931E0E000EBA778 /* Project object */;
}
